
Microsoft Visual Studio Solution File, Format Version 12.00
# Visual Studio Version 17
VisualStudioVersion = 17.1.32421.90
MinimumVisualStudioVersion = 10.0.40219.1
Project("{FAE04EC0-301F-11D3-BF4B-00C04F79EFBC}") = "AngularTest.WebApi", "AngularTest.WebApi\AngularTest.WebApi.csproj", "{DE4BF36B-FA3A-43BF-9F1D-1F8CC5B15C36}"
EndProject
Project("{2150E333-8FDC-42A3-9474-1A3956D46DE8}") = "Solution Items", "Solution Items", "{CA01B3DC-DF4B-475D-A255-8E7DDB1B8F50}"
	ProjectSection(SolutionItems) = preProject
		.editorconfig = .editorconfig
	EndProjectSection
EndProject
Project("{FAE04EC0-301F-11D3-BF4B-00C04F79EFBC}") = "AngularTest.Data", "AngularTest.Data\AngularTest.Data.csproj", "{A35207BE-B2B1-492D-8520-C92759AA8371}"
EndProject
Project("{FAE04EC0-301F-11D3-BF4B-00C04F79EFBC}") = "AngularTest.Services", "AngularTest.Services\AngularTest.Services.csproj", "{08A57B22-644A-41FD-883B-E157A913EAB9}"
EndProject
Global
	GlobalSection(SolutionConfigurationPlatforms) = preSolution
		Debug|Any CPU = Debug|Any CPU
		Release|Any CPU = Release|Any CPU
	EndGlobalSection
	GlobalSection(ProjectConfigurationPlatforms) = postSolution
		{DE4BF36B-FA3A-43BF-9F1D-1F8CC5B15C36}.Debug|Any CPU.ActiveCfg = Debug|Any CPU
		{DE4BF36B-FA3A-43BF-9F1D-1F8CC5B15C36}.Debug|Any CPU.Build.0 = Debug|Any CPU
		{DE4BF36B-FA3A-43BF-9F1D-1F8CC5B15C36}.Release|Any CPU.ActiveCfg = Release|Any CPU
		{DE4BF36B-FA3A-43BF-9F1D-1F8CC5B15C36}.Release|Any CPU.Build.0 = Release|Any CPU
		{A35207BE-B2B1-492D-8520-C92759AA8371}.Debug|Any CPU.ActiveCfg = Debug|Any CPU
		{A35207BE-B2B1-492D-8520-C92759AA8371}.Debug|Any CPU.Build.0 = Debug|Any CPU
		{A35207BE-B2B1-492D-8520-C92759AA8371}.Release|Any CPU.ActiveCfg = Release|Any CPU
		{A35207BE-B2B1-492D-8520-C92759AA8371}.Release|Any CPU.Build.0 = Release|Any CPU
		{08A57B22-644A-41FD-883B-E157A913EAB9}.Debug|Any CPU.ActiveCfg = Debug|Any CPU
		{08A57B22-644A-41FD-883B-E157A913EAB9}.Debug|Any CPU.Build.0 = Debug|Any CPU
		{08A57B22-644A-41FD-883B-E157A913EAB9}.Release|Any CPU.ActiveCfg = Release|Any CPU
		{08A57B22-644A-41FD-883B-E157A913EAB9}.Release|Any CPU.Build.0 = Release|Any CPU
	EndGlobalSection
	GlobalSection(SolutionProperties) = preSolution
		HideSolutionNode = FALSE
	EndGlobalSection
	GlobalSection(ExtensibilityGlobals) = postSolution
		SolutionGuid = {3125ACC8-99A1-489A-8D39-A23B580C247D}
	EndGlobalSection
EndGlobal
